
Microsoft Visual Studio Solution File, Format Version 12.00
# Visual Studio Version 16
VisualStudioVersion = 16.0.30804.86
MinimumVisualStudioVersion = 10.0.40219.1
Project("{FAE04EC0-301F-11D3-BF4B-00C04F79EFBC}") = "JsonSerialization", "JsonSerialization\JsonSerialization.csproj", "{693CC8B6-8376-4E69-AB1A-AFCAABCEADDB}"
EndProject
Global
	GlobalSection(SolutionConfigurationPlatforms) = preSolution
		Debug|Any CPU = Debug|Any CPU
		Release|Any CPU = Release|Any CPU
	EndGlobalSection
	GlobalSection(ProjectConfigurationPlatforms) = postSolution
		{693CC8B6-8376-4E69-AB1A-AFCAABCEADDB}.Debug|Any CPU.ActiveCfg = Debug|Any CPU
		{693CC8B6-8376-4E69-AB1A-AFCAABCEADDB}.Debug|Any CPU.Build.0 = Debug|Any CPU
		{693CC8B6-8376-4E69-AB1A-AFCAABCEADDB}.Release|Any CPU.ActiveCfg = Release|Any CPU
		{693CC8B6-8376-4E69-AB1A-AFCAABCEADDB}.Release|Any CPU.Build.0 = Release|Any CPU
	EndGlobalSection
	GlobalSection(SolutionProperties) = preSolution
		HideSolutionNode = FALSE
	EndGlobalSection
	GlobalSection(ExtensibilityGlobals) = postSolution
		SolutionGuid = {3FF968B2-4AF0-49B3-936E-F2C92EC42A10}
	EndGlobalSection
EndGlobal
